{
  "name": "creacion_ia_token",
  "version": "1.0.0",
  "lockfileVersion": 3,
  "requires": true,
  "packages": {
    "": {
      "name": "creacion_ia_token",
      "version": "1.0.0",
      "license": "ISC",
      "dependencies": {
        "chunk-text": "^2.0.1",
        "tiktoken": "^1.0.22"
      }
    },
    "node_modules/chunk-text": {
      "version": "2.0.1",
      "resolved": "https://registry.npmjs.org/chunk-text/-/chunk-text-2.0.1.tgz",
      "integrity": "sha512-ER6TSpe2DT4wjOVOKJ3FFAYv7wE77HA/Ztz88Peiv3lq/2oVMsItYJJsVVI0xNZM8cdImOOTNqlw+LQz7gYdJg==",
      "license": "MIT",
      "dependencies": {
        "runes": "^0.4.3"
      },
      "bin": {
        "chunk": "bin/server.js",
        "chunk-text": "bin/server.js"
      }
    },
    "node_modules/runes": {
      "version": "0.4.3",
      "resolved": "https://registry.npmjs.org/runes/-/runes-0.4.3.tgz",
      "integrity": "sha512-K6p9y4ZyL9wPzA+PMDloNQPfoDGTiFYDvdlXznyGKgD10BJpcAosvATKrExRKOrNLgD8E7Um7WGW0lxsnOuNLg==",
      "license": "MIT",
      "engines": {
        "node": ">=4.0.0"
      }
    },
    "node_modules/tiktoken": {
      "version": "1.0.22",
      "resolved": "https://registry.npmjs.org/tiktoken/-/tiktoken-1.0.22.tgz",
      "integrity": "sha512-PKvy1rVF1RibfF3JlXBSP0Jrcw2uq3yXdgcEXtKTYn3QJ/cBRBHDnrJ5jHky+MENZ6DIPwNUGWpkVx+7joCpNA==",
      "license": "MIT"
    }
  }
}
